
Microsoft Visual Studio Solution File, Format Version 12.00
# Visual Studio Version 17
VisualStudioVersion = 17.3.32819.101
MinimumVisualStudioVersion = 10.0.40219.1
Project("{FAE04EC0-301F-11D3-BF4B-00C04F79EFBC}") = "webovka", "webovka.csproj", "{02BE385E-8F9A-4476-9359-FEC5BA128DB1}"
EndProject
Global
	GlobalSection(SolutionConfigurationPlatforms) = preSolution
		Debug|Any CPU = Debug|Any CPU
		Release|Any CPU = Release|Any CPU
	EndGlobalSection
	GlobalSection(ProjectConfigurationPlatforms) = postSolution
		{02BE385E-8F9A-4476-9359-FEC5BA128DB1}.Debug|Any CPU.ActiveCfg = Debug|Any CPU
		{02BE385E-8F9A-4476-9359-FEC5BA128DB1}.Debug|Any CPU.Build.0 = Debug|Any CPU
		{02BE385E-8F9A-4476-9359-FEC5BA128DB1}.Release|Any CPU.ActiveCfg = Release|Any CPU
		{02BE385E-8F9A-4476-9359-FEC5BA128DB1}.Release|Any CPU.Build.0 = Release|Any CPU
	EndGlobalSection
	GlobalSection(SolutionProperties) = preSolution
		HideSolutionNode = FALSE
	EndGlobalSection
	GlobalSection(ExtensibilityGlobals) = postSolution
		SolutionGuid = {7F451F00-FE24-4242-8C67-F01C62177044}
	EndGlobalSection
EndGlobal
